# This file is automatically @generated by Cargo.
# It is not intended for manual editing.
version = 4

[[package]]
name = "myr-adapters"
version = "0.1.0"

[[package]]
name = "myr-app"
version = "0.1.0"
dependencies = [
 "myr-adapters",
 "myr-core",
 "myr-tui",
]

[[package]]
name = "myr-core"
version = "0.1.0"

[[package]]
name = "myr-tui"
version = "0.1.0"
